
Microsoft Visual Studio Solution File, Format Version 12.00
# Visual Studio Version 16
VisualStudioVersion = 16.0.31702.278
MinimumVisualStudioVersion = 10.0.40219.1
Project("{FAE04EC0-301F-11D3-BF4B-00C04F79EFBC}") = "Kolejka", "Kolejka\Kolejka.csproj", "{A7DD6E70-91FD-47C6-8091-19CDF89DD5F8}"
EndProject
Global
	GlobalSection(SolutionConfigurationPlatforms) = preSolution
		Debug|Any CPU = Debug|Any CPU
		Release|Any CPU = Release|Any CPU
	EndGlobalSection
	GlobalSection(ProjectConfigurationPlatforms) = postSolution
		{A7DD6E70-91FD-47C6-8091-19CDF89DD5F8}.Debug|Any CPU.ActiveCfg = Debug|Any CPU
		{A7DD6E70-91FD-47C6-8091-19CDF89DD5F8}.Debug|Any CPU.Build.0 = Debug|Any CPU
		{A7DD6E70-91FD-47C6-8091-19CDF89DD5F8}.Release|Any CPU.ActiveCfg = Release|Any CPU
		{A7DD6E70-91FD-47C6-8091-19CDF89DD5F8}.Release|Any CPU.Build.0 = Release|Any CPU
	EndGlobalSection
	GlobalSection(SolutionProperties) = preSolution
		HideSolutionNode = FALSE
	EndGlobalSection
	GlobalSection(ExtensibilityGlobals) = postSolution
		SolutionGuid = {46E963DA-CDD7-4B02-834A-552979D7445B}
	EndGlobalSection
EndGlobal
